
Microsoft Visual Studio Solution File, Format Version 12.00
# Visual Studio 2013
VisualStudioVersion = 12.0.21005.1
MinimumVisualStudioVersion = 10.0.40219.1
Project("{FAE04EC0-301F-11D3-BF4B-00C04F79EFBC}") = "MVC5UnitySlab", "MVC5UnitySlab\MVC5UnitySlab.csproj", "{243AC2D4-D655-4859-92B5-FA7DEF27CBC5}"
EndProject
Project("{FAE04EC0-301F-11D3-BF4B-00C04F79EFBC}") = "MVC5UnitySlab.Business", "MVC5UnitySlab.Business\MVC5UnitySlab.Business.csproj", "{A3C9D0F8-27DB-4F2D-A91A-4D36F88C2DC7}"
EndProject
Global
	GlobalSection(SolutionConfigurationPlatforms) = preSolution
		Debug|Any CPU = Debug|Any CPU
		Release|Any CPU = Release|Any CPU
	EndGlobalSection
	GlobalSection(ProjectConfigurationPlatforms) = postSolution
		{243AC2D4-D655-4859-92B5-FA7DEF27CBC5}.Debug|Any CPU.ActiveCfg = Debug|Any CPU
		{243AC2D4-D655-4859-92B5-FA7DEF27CBC5}.Debug|Any CPU.Build.0 = Debug|Any CPU
		{243AC2D4-D655-4859-92B5-FA7DEF27CBC5}.Release|Any CPU.ActiveCfg = Release|Any CPU
		{243AC2D4-D655-4859-92B5-FA7DEF27CBC5}.Release|Any CPU.Build.0 = Release|Any CPU
		{A3C9D0F8-27DB-4F2D-A91A-4D36F88C2DC7}.Debug|Any CPU.ActiveCfg = Debug|Any CPU
		{A3C9D0F8-27DB-4F2D-A91A-4D36F88C2DC7}.Debug|Any CPU.Build.0 = Debug|Any CPU
		{A3C9D0F8-27DB-4F2D-A91A-4D36F88C2DC7}.Release|Any CPU.ActiveCfg = Release|Any CPU
		{A3C9D0F8-27DB-4F2D-A91A-4D36F88C2DC7}.Release|Any CPU.Build.0 = Release|Any CPU
	EndGlobalSection
	GlobalSection(SolutionProperties) = preSolution
		HideSolutionNode = FALSE
	EndGlobalSection
EndGlobal
